{
  "name": "intergalactic-content",
  "version": "1.0.0",
  "lockfileVersion": 2,
  "requires": true,
  "packages": {
    "": {
      "version": "1.0.0",
      "license": "MIT",
      "dependencies": {
        "crypto-wraps": "^1.1.1",
        "roll-right": "^0.0.1",
        "ucwid": "^0.2.6"
      }
    },
    "node_modules/crypto-wraps": {
      "version": "1.1.2",
      "resolved": "https://registry.npmjs.org/crypto-wraps/-/crypto-wraps-1.1.2.tgz",
      "integrity": "sha512-7bxqG3woxK20rrKmVzaF3aRaL/gIInMZFjP6UzumL9MG4uLvxLf95i2NsyIgPgtCoawfy/iXEj7gxsxFEaUQNQ==",
      "funding": {
        "type": "GitHub Sponsors",
        "url": "https://github.com/sponsors/copious-world"
      }
    },
    "node_modules/cwid": {
      "version": "1.0.4",
      "resolved": "https://registry.npmjs.org/cwid/-/cwid-1.0.4.tgz",
      "integrity": "sha512-vkX/SK8XIhckGbZwnbDC0b343wvPYI7MHJbkQAfvQT1Z5lHWoUUwSxmTsDI2wbEPF8y1EQ3vws92ji+rO20ExQ==",
      "funding": {
        "type": "GitHub Sponsors",
        "url": "https://github.com/sponsors/copious-world"
      }
    },
    "node_modules/roll-right": {
      "version": "0.0.1",
      "resolved": "https://registry.npmjs.org/roll-right/-/roll-right-0.0.1.tgz",
      "integrity": "sha512-OrzpFKoFZzNoY5CBcGLD+9LHCvps+GBZDDdvLxH6mElqkpnY4EDoUAaNu7VT3/MBCEIn24ZsCmS06EALMSObRA==",
      "bin": {
        "roll-right": "bin/index.js"
      }
    },
    "node_modules/ucwid": {
      "version": "0.2.7",
      "resolved": "https://registry.npmjs.org/ucwid/-/ucwid-0.2.7.tgz",
      "integrity": "sha512-lXipPCs/SoyKggEy/riRhLyLfqJBNEX7ZCkdtZUElp6Sz6YvGnKqz/wa41VFFEVCjvXeQW33gpah/s2EZp+hbQ==",
      "hasInstallScript": true,
      "dependencies": {
        "crypto-wraps": "^1.1.1",
        "cwid": "^1.0.2"
      },
      "funding": {
        "type": "GitHub Sponsors",
        "url": "https://github.com/sponsors/copious-world"
      }
    }
  },
  "dependencies": {
    "crypto-wraps": {
      "version": "1.1.2",
      "resolved": "https://registry.npmjs.org/crypto-wraps/-/crypto-wraps-1.1.2.tgz",
      "integrity": "sha512-7bxqG3woxK20rrKmVzaF3aRaL/gIInMZFjP6UzumL9MG4uLvxLf95i2NsyIgPgtCoawfy/iXEj7gxsxFEaUQNQ=="
    },
    "cwid": {
      "version": "1.0.4",
      "resolved": "https://registry.npmjs.org/cwid/-/cwid-1.0.4.tgz",
      "integrity": "sha512-vkX/SK8XIhckGbZwnbDC0b343wvPYI7MHJbkQAfvQT1Z5lHWoUUwSxmTsDI2wbEPF8y1EQ3vws92ji+rO20ExQ=="
    },
    "roll-right": {
      "version": "0.0.1",
      "resolved": "https://registry.npmjs.org/roll-right/-/roll-right-0.0.1.tgz",
      "integrity": "sha512-OrzpFKoFZzNoY5CBcGLD+9LHCvps+GBZDDdvLxH6mElqkpnY4EDoUAaNu7VT3/MBCEIn24ZsCmS06EALMSObRA=="
    },
    "ucwid": {
      "version": "0.2.7",
      "resolved": "https://registry.npmjs.org/ucwid/-/ucwid-0.2.7.tgz",
      "integrity": "sha512-lXipPCs/SoyKggEy/riRhLyLfqJBNEX7ZCkdtZUElp6Sz6YvGnKqz/wa41VFFEVCjvXeQW33gpah/s2EZp+hbQ==",
      "requires": {
        "crypto-wraps": "^1.1.1",
        "cwid": "^1.0.2"
      }
    }
  }
}
