lockfileVersion: 5.3

specifiers:
  crypto-wraps: ^1.1.2
  roll-right: ^0.0.1
  ucwid: ^0.2.7

dependencies:
  crypto-wraps: 1.1.2
  roll-right: 0.0.1
  ucwid: 0.2.7

packages:

  /crypto-wraps/1.1.2:
    resolution: {integrity: sha512-7bxqG3woxK20rrKmVzaF3aRaL/gIInMZFjP6UzumL9MG4uLvxLf95i2NsyIgPgtCoawfy/iXEj7gxsxFEaUQNQ==}
    dev: false

  /cwid/1.0.4:
    resolution: {integrity: sha512-vkX/SK8XIhckGbZwnbDC0b343wvPYI7MHJbkQAfvQT1Z5lHWoUUwSxmTsDI2wbEPF8y1EQ3vws92ji+rO20ExQ==}
    dev: false

  /roll-right/0.0.1:
    resolution: {integrity: sha512-OrzpFKoFZzNoY5CBcGLD+9LHCvps+GBZDDdvLxH6mElqkpnY4EDoUAaNu7VT3/MBCEIn24ZsCmS06EALMSObRA==}
    hasBin: true
    dev: false

  /ucwid/0.2.7:
    resolution: {integrity: sha512-lXipPCs/SoyKggEy/riRhLyLfqJBNEX7ZCkdtZUElp6Sz6YvGnKqz/wa41VFFEVCjvXeQW33gpah/s2EZp+hbQ==}
    requiresBuild: true
    dependencies:
      crypto-wraps: 1.1.2
      cwid: 1.0.4
    dev: false
