lockfileVersion: 5.3

specifiers:
  crypto-wraps: ^1.1.1
  roll-right: ^0.0.1
  ucwid: ^0.2.6

dependencies:
  crypto-wraps: 1.1.1
  roll-right: 0.0.1
  ucwid: 0.2.6

packages:

  /crypto-wraps/1.1.1:
    resolution: {integrity: sha512-RBp7Ka9G5ws2Xiw88R4fW3N7Ine/Fo1dZQmYV+VHMOfjXCjBSim1Xo3A2FBN3m2TCszaqFF/3pbHdsE4BJOAKQ==}
    dev: false

  /cwid/1.0.2:
    resolution: {integrity: sha512-mAymu1HM2VCd+PEZh+faoUw0s9ryfatjds32TZYJAD3T28iox6vvVTwhy6SLyLMWgQopFSOUDxRSCRzjfnYTIw==}
    dev: false

  /roll-right/0.0.1:
    resolution: {integrity: sha512-OrzpFKoFZzNoY5CBcGLD+9LHCvps+GBZDDdvLxH6mElqkpnY4EDoUAaNu7VT3/MBCEIn24ZsCmS06EALMSObRA==}
    hasBin: true
    dev: false

  /ucwid/0.2.6:
    resolution: {integrity: sha512-wxfDuWFAwwTxRpHDh22lz0I7Kq8nXDDhngAbjVUP23Ot7DfYvk04buKTP/wqkDgDW4AodHK/AXR9RyEBK80faw==}
    requiresBuild: true
    dependencies:
      crypto-wraps: 1.1.1
      cwid: 1.0.2
      ucwid: 'link:'
    dev: false
